// !$*UTF8*$!
{
	archiveVersion = 1;
	classes = {
	};
	objectVersion = 50;
	objects = {

/* Begin PBXBuildFile section */
		2B15D504251624DD008EE882 /* AppDelegate.swift in Sources */ = {isa = PBXBuildFile; fileRef = 2B15D503251624DD008EE882 /* AppDelegate.swift */; };
		2B15D506251624DD008EE882 /* SceneDelegate.swift in Sources */ = {isa = PBXBuildFile; fileRef = 2B15D505251624DD008EE882 /* SceneDelegate.swift */; };
		2B15D508251624DD008EE882 /* ViewController.swift in Sources */ = {isa = PBXBuildFile; fileRef = 2B15D507251624DD008EE882 /* ViewController.swift */; };
		2B15D50B251624DD008EE882 /* Main.storyboard in Resources */ = {isa = PBXBuildFile; fileRef = 2B15D509251624DD008EE882 /* Main.storyboard */; };
		2B15D50D251624DF008EE882 /* Assets.xcassets in Resources */ = {isa = PBXBuildFile; fileRef = 2B15D50C251624DF008EE882 /* Assets.xcassets */; };
		2B15D510251624DF008EE882 /* LaunchScreen.storyboard in Resources */ = {isa = PBXBuildFile; fileRef = 2B15D50E251624DF008EE882 /* LaunchScreen.storyboard */; };
		2B607CFD251733D90056F917 /* SpotifyManager.swift in Sources */ = {isa = PBXBuildFile; fileRef = 2B607CFC251733D90056F917 /* SpotifyManager.swift */; };
		2B607D002517343B0056F917 /* SpotifyiOS.framework in Frameworks */ = {isa = PBXBuildFile; fileRef = 2B607CFE2517342B0056F917 /* SpotifyiOS.framework */; };
		2B607D062517351B0056F917 /* Notifications.swift in Sources */ = {isa = PBXBuildFile; fileRef = 2B607D052517351B0056F917 /* Notifications.swift */; };
/* End PBXBuildFile section */

/* Begin PBXFileReference section */
		2B15D500251624DD008EE882 /* SPTKitExample.app */ = {isa = PBXFileReference; explicitFileType = wrapper.application; includeInIndex = 0; path = SPTKitExample.app; sourceTree = BUILT_PRODUCTS_DIR; };
		2B15D503251624DD008EE882 /* AppDelegate.swift */ = {isa = PBXFileReference; lastKnownFileType = sourcecode.swift; path = AppDelegate.swift; sourceTree = "<group>"; };
		2B15D505251624DD008EE882 /* SceneDelegate.swift */ = {isa = PBXFileReference; lastKnownFileType = sourcecode.swift; path = SceneDelegate.swift; sourceTree = "<group>"; };
		2B15D507251624DD008EE882 /* ViewController.swift */ = {isa = PBXFileReference; lastKnownFileType = sourcecode.swift; path = ViewController.swift; sourceTree = "<group>"; };
		2B15D50A251624DD008EE882 /* Base */ = {isa = PBXFileReference; lastKnownFileType = file.storyboard; name = Base; path = Base.lproj/Main.storyboard; sourceTree = "<group>"; };
		2B15D50C251624DF008EE882 /* Assets.xcassets */ = {isa = PBXFileReference; lastKnownFileType = folder.assetcatalog; path = Assets.xcassets; sourceTree = "<group>"; };
		2B15D50F251624DF008EE882 /* Base */ = {isa = PBXFileReference; lastKnownFileType = file.storyboard; name = Base; path = Base.lproj/LaunchScreen.storyboard; sourceTree = "<group>"; };
		2B15D511251624DF008EE882 /* Info.plist */ = {isa = PBXFileReference; lastKnownFileType = text.plist.xml; path = Info.plist; sourceTree = "<group>"; };
		2B607CFC251733D90056F917 /* SpotifyManager.swift */ = {isa = PBXFileReference; lastKnownFileType = sourcecode.swift; path = SpotifyManager.swift; sourceTree = "<group>"; };
		2B607CFE2517342B0056F917 /* SpotifyiOS.framework */ = {isa = PBXFileReference; lastKnownFileType = wrapper.framework; path = SpotifyiOS.framework; sourceTree = "<group>"; };
		2B607D052517351B0056F917 /* Notifications.swift */ = {isa = PBXFileReference; lastKnownFileType = sourcecode.swift; path = Notifications.swift; sourceTree = "<group>"; };
		2B607D07251735AA0056F917 /* SPTKitExample-Bridging-Header.h */ = {isa = PBXFileReference; lastKnownFileType = sourcecode.c.h; path = "SPTKitExample-Bridging-Header.h"; sourceTree = "<group>"; };
/* End PBXFileReference section */

/* Begin PBXFrameworksBuildPhase section */
		2B15D4FD251624DD008EE882 /* Frameworks */ = {
			isa = PBXFrameworksBuildPhase;
			buildActionMask = 2147483647;
			files = (
				2B607D002517343B0056F917 /* SpotifyiOS.framework in Frameworks */,
			);
			runOnlyForDeploymentPostprocessing = 0;
		};
/* End PBXFrameworksBuildPhase section */

/* Begin PBXGroup section */
		2B15D4F7251624DD008EE882 = {
			isa = PBXGroup;
			children = (
				2B15D502251624DD008EE882 /* SPTKitExample */,
				2B15D501251624DD008EE882 /* Products */,
				2B15D51825162528008EE882 /* Frameworks */,
			);
			sourceTree = "<group>";
		};
		2B15D501251624DD008EE882 /* Products */ = {
			isa = PBXGroup;
			children = (
				2B15D500251624DD008EE882 /* SPTKitExample.app */,
			);
			name = Products;
			sourceTree = "<group>";
		};
		2B15D502251624DD008EE882 /* SPTKitExample */ = {
			isa = PBXGroup;
			children = (
				2B15D503251624DD008EE882 /* AppDelegate.swift */,
				2B15D505251624DD008EE882 /* SceneDelegate.swift */,
				2B15D507251624DD008EE882 /* ViewController.swift */,
				2B15D509251624DD008EE882 /* Main.storyboard */,
				2B15D50C251624DF008EE882 /* Assets.xcassets */,
				2B15D50E251624DF008EE882 /* LaunchScreen.storyboard */,
				2B15D511251624DF008EE882 /* Info.plist */,
				2B607CFC251733D90056F917 /* SpotifyManager.swift */,
				2B607D052517351B0056F917 /* Notifications.swift */,
				2B607D07251735AA0056F917 /* SPTKitExample-Bridging-Header.h */,
			);
			path = SPTKitExample;
			sourceTree = "<group>";
		};
		2B15D51825162528008EE882 /* Frameworks */ = {
			isa = PBXGroup;
			children = (
				2B607CFE2517342B0056F917 /* SpotifyiOS.framework */,
			);
			name = Frameworks;
			sourceTree = "<group>";
		};
/* End PBXGroup section */

/* Begin PBXNativeTarget section */
		2B15D4FF251624DD008EE882 /* SPTKitExample */ = {
			isa = PBXNativeTarget;
			buildConfigurationList = 2B15D514251624DF008EE882 /* Build configuration list for PBXNativeTarget "SPTKitExample" */;
			buildPhases = (
				2B15D4FC251624DD008EE882 /* Sources */,
				2B15D4FD251624DD008EE882 /* Frameworks */,
				2B15D4FE251624DD008EE882 /* Resources */,
			);
			buildRules = (
			);
			dependencies = (
			);
			name = SPTKitExample;
			packageProductDependencies = (
			);
			productName = SPTKitExample;
			productReference = 2B15D500251624DD008EE882 /* SPTKitExample.app */;
			productType = "com.apple.product-type.application";
		};
/* End PBXNativeTarget section */

/* Begin PBXProject section */
		2B15D4F8251624DD008EE882 /* Project object */ = {
			isa = PBXProject;
			attributes = {
				LastSwiftUpdateCheck = 1170;
				LastUpgradeCheck = 1170;
				ORGANIZATIONNAME = "Adam Wienconek";
				TargetAttributes = {
					2B15D4FF251624DD008EE882 = {
						CreatedOnToolsVersion = 11.7;
						LastSwiftMigration = 1170;
					};
				};
			};
			buildConfigurationList = 2B15D4FB251624DD008EE882 /* Build configuration list for PBXProject "SPTKitExample" */;
			compatibilityVersion = "Xcode 9.3";
			developmentRegion = en;
			hasScannedForEncodings = 0;
			knownRegions = (
				en,
				Base,
			);
			mainGroup = 2B15D4F7251624DD008EE882;
			packageReferences = (
			);
			productRefGroup = 2B15D501251624DD008EE882 /* Products */;
			projectDirPath = "";
			projectRoot = "";
			targets = (
				2B15D4FF251624DD008EE882 /* SPTKitExample */,
			);
		};
/* End PBXProject section */

/* Begin PBXResourcesBuildPhase section */
		2B15D4FE251624DD008EE882 /* Resources */ = {
			isa = PBXResourcesBuildPhase;
			buildActionMask = 2147483647;
			files = (
				2B15D510251624DF008EE882 /* LaunchScreen.storyboard in Resources */,
				2B15D50D251624DF008EE882 /* Assets.xcassets in Resources */,
				2B15D50B251624DD008EE882 /* Main.storyboard in Resources */,
			);
			runOnlyForDeploymentPostprocessing = 0;
		};
/* End PBXResourcesBuildPhase section */

/* Begin PBXSourcesBuildPhase section */
		2B15D4FC251624DD008EE882 /* Sources */ = {
			isa = PBXSourcesBuildPhase;
			buildActionMask = 2147483647;
			files = (
				2B607D062517351B0056F917 /* Notifications.swift in Sources */,
				2B607CFD251733D90056F917 /* SpotifyManager.swift in Sources */,
				2B15D508251624DD008EE882 /* ViewController.swift in Sources */,
				2B15D504251624DD008EE882 /* AppDelegate.swift in Sources */,
				2B15D506251624DD008EE882 /* SceneDelegate.swift in Sources */,
			);
			runOnlyForDeploymentPostprocessing = 0;
		};
/* End PBXSourcesBuildPhase section */

/* Begin PBXVariantGroup section */
		2B15D509251624DD008EE882 /* Main.storyboard */ = {
			isa = PBXVariantGroup;
			children = (
				2B15D50A251624DD008EE882 /* Base */,
			);
			name = Main.storyboard;
			sourceTree = "<group>";
		};
		2B15D50E251624DF008EE882 /* LaunchScreen.storyboard */ = {
			isa = PBXVariantGroup;
			children = (
				2B15D50F251624DF008EE882 /* Base */,
			);
			name = LaunchScreen.storyboard;
			sourceTree = "<group>";
		};
/* End PBXVariantGroup section */

/* Begin XCBuildConfiguration section */
		2B15D512251624DF008EE882 /* Debug */ = {
			isa = XCBuildConfiguration;
			buildSettings = {
				ALWAYS_SEARCH_USER_PATHS = NO;
				CLANG_ANALYZER_NONNULL = YES;
				CLANG_ANALYZER_NUMBER_OBJECT_CONVERSION = YES_AGGRESSIVE;
				CLANG_CXX_LANGUAGE_STANDARD = "gnu++14";
				CLANG_CXX_LIBRARY = "libc++";
				CLANG_ENABLE_MODULES = YES;
				CLANG_ENABLE_OBJC_ARC = YES;
				CLANG_ENABLE_OBJC_WEAK = YES;
				CLANG_WARN_BLOCK_CAPTURE_AUTORELEASING = YES;
				CLANG_WARN_BOOL_CONVERSION = YES;
				CLANG_WARN_COMMA = YES;
				CLANG_WARN_CONSTANT_CONVERSION = YES;
				CLANG_WARN_DEPRECATED_OBJC_IMPLEMENTATIONS = YES;
				CLANG_WARN_DIRECT_OBJC_ISA_USAGE = YES_ERROR;
				CLANG_WARN_DOCUMENTATION_COMMENTS = YES;
				CLANG_WARN_EMPTY_BODY = YES;
				CLANG_WARN_ENUM_CONVERSION = YES;
				CLANG_WARN_INFINITE_RECURSION = YES;
				CLANG_WARN_INT_CONVERSION = YES;
				CLANG_WARN_NON_LITERAL_NULL_CONVERSION = YES;
				CLANG_WARN_OBJC_IMPLICIT_RETAIN_SELF = YES;
				CLANG_WARN_OBJC_LITERAL_CONVERSION = YES;
				CLANG_WARN_OBJC_ROOT_CLASS = YES_ERROR;
				CLANG_WARN_RANGE_LOOP_ANALYSIS = YES;
				CLANG_WARN_STRICT_PROTOTYPES = YES;
				CLANG_WARN_SUSPICIOUS_MOVE = YES;
				CLANG_WARN_UNGUARDED_AVAILABILITY = YES_AGGRESSIVE;
				CLANG_WARN_UNREACHABLE_CODE = YES;
				CLANG_WARN__DUPLICATE_METHOD_MATCH = YES;
				COPY_PHASE_STRIP = NO;
				DEBUG_INFORMATION_FORMAT = dwarf;
				ENABLE_STRICT_OBJC_MSGSEND = YES;
				ENABLE_TESTABILITY = YES;
				GCC_C_LANGUAGE_STANDARD = gnu11;
				GCC_DYNAMIC_NO_PIC = NO;
				GCC_NO_COMMON_BLOCKS = YES;
				GCC_OPTIMIZATION_LEVEL = 0;
				GCC_PREPROCESSOR_DEFINITIONS = (
					"DEBUG=1",
					"$(inherited)",
				);
				GCC_WARN_64_TO_32_BIT_CONVERSION = YES;
				GCC_WARN_ABOUT_RETURN_TYPE = YES_ERROR;
				GCC_WARN_UNDECLARED_SELECTOR = YES;
				GCC_WARN_UNINITIALIZED_AUTOS = YES_AGGRESSIVE;
				GCC_WARN_UNUSED_FUNCTION = YES;
				GCC_WARN_UNUSED_VARIABLE = YES;
				IPHONEOS_DEPLOYMENT_TARGET = 13.7;
				MTL_ENABLE_DEBUG_INFO = INCLUDE_SOURCE;
				MTL_FAST_MATH = YES;
				ONLY_ACTIVE_ARCH = YES;
				SDKROOT = iphoneos;
				SWIFT_ACTIVE_COMPILATION_CONDITIONS = DEBUG;
				SWIFT_OPTIMIZATION_LEVEL = "-Onone";
			};
			name = Debug;
		};
		2B15D513251624DF008EE882 /* Release */ = {
			isa = XCBuildConfiguration;
			buildSettings = {
				ALWAYS_SEARCH_USER_PATHS = NO;
				CLANG_ANALYZER_NONNULL = YES;
				CLANG_ANALYZER_NUMBER_OBJECT_CONVERSION = YES_AGGRESSIVE;
				CLANG_CXX_LANGUAGE_STANDARD = "gnu++14";
				CLANG_CXX_LIBRARY = "libc++";
				CLANG_ENABLE_MODULES = YES;
				CLANG_ENABLE_OBJC_ARC = YES;
				CLANG_ENABLE_OBJC_WEAK = YES;
				CLANG_WARN_BLOCK_CAPTURE_AUTORELEASING = YES;
				CLANG_WARN_BOOL_CONVERSION = YES;
				CLANG_WARN_COMMA = YES;
				CLANG_WARN_CONSTANT_CONVERSION = YES;
				CLANG_WARN_DEPRECATED_OBJC_IMPLEMENTATIONS = YES;
				CLANG_WARN_DIRECT_OBJC_ISA_USAGE = YES_ERROR;
				CLANG_WARN_DOCUMENTATION_COMMENTS = YES;
				CLANG_WARN_EMPTY_BODY = YES;
				CLANG_WARN_ENUM_CONVERSION = YES;
				CLANG_WARN_INFINITE_RECURSION = YES;
				CLANG_WARN_INT_CONVERSION = YES;
				CLANG_WARN_NON_LITERAL_NULL_CONVERSION = YES;
				CLANG_WARN_OBJC_IMPLICIT_RETAIN_SELF = YES;
				CLANG_WARN_OBJC_LITERAL_CONVERSION = YES;
				CLANG_WARN_OBJC_ROOT_CLASS = YES_ERROR;
				CLANG_WARN_RANGE_LOOP_ANALYSIS = YES;
				CLANG_WARN_STRICT_PROTOTYPES = YES;
				CLANG_WARN_SUSPICIOUS_MOVE = YES;
				CLANG_WARN_UNGUARDED_AVAILABILITY = YES_AGGRESSIVE;
				CLANG_WARN_UNREACHABLE_CODE = YES;
				CLANG_WARN__DUPLICATE_METHOD_MATCH = YES;
				COPY_PHASE_STRIP = NO;
				DEBUG_INFORMATION_FORMAT = "dwarf-with-dsym";
				ENABLE_NS_ASSERTIONS = NO;
				ENABLE_STRICT_OBJC_MSGSEND = YES;
				GCC_C_LANGUAGE_STANDARD = gnu11;
				GCC_NO_COMMON_BLOCKS = YES;
				GCC_WARN_64_TO_32_BIT_CONVERSION = YES;
				GCC_WARN_ABOUT_RETURN_TYPE = YES_ERROR;
				GCC_WARN_UNDECLARED_SELECTOR = YES;
				GCC_WARN_UNINITIALIZED_AUTOS = YES_AGGRESSIVE;
				GCC_WARN_UNUSED_FUNCTION = YES;
				GCC_WARN_UNUSED_VARIABLE = YES;
				IPHONEOS_DEPLOYMENT_TARGET = 13.7;
				MTL_ENABLE_DEBUG_INFO = NO;
				MTL_FAST_MATH = YES;
				SDKROOT = iphoneos;
				SWIFT_COMPILATION_MODE = wholemodule;
				SWIFT_OPTIMIZATION_LEVEL = "-O";
				VALIDATE_PRODUCT = YES;
			};
			name = Release;
		};
		2B15D515251624DF008EE882 /* Debug */ = {
			isa = XCBuildConfiguration;
			buildSettings = {
				ASSETCATALOG_COMPILER_APPICON_NAME = AppIcon;
				CLANG_ENABLE_MODULES = YES;
				CODE_SIGN_STYLE = Automatic;
				DEVELOPMENT_TEAM = 5346R7RC8E;
				FRAMEWORK_SEARCH_PATHS = (
					"$(inherited)",
					"$(PROJECT_DIR)",
				);
				INFOPLIST_FILE = SPTKitExample/Info.plist;
				IPHONEOS_DEPLOYMENT_TARGET = 13.0;
				LD_RUNPATH_SEARCH_PATHS = (
					"$(inherited)",
					"@executable_path/Frameworks",
				);
				PRODUCT_BUNDLE_IDENTIFIER = com.adw.sptkit;
				PRODUCT_NAME = "$(TARGET_NAME)";
				SWIFT_OBJC_BRIDGING_HEADER = "SPTKitExample/SPTKitExample-Bridging-Header.h";
				SWIFT_OPTIMIZATION_LEVEL = "-Onone";
				SWIFT_VERSION = 5.0;
				TARGETED_DEVICE_FAMILY = "1,2";
			};
			name = Debug;
		};
		2B15D516251624DF008EE882 /* Release */ = {
			isa = XCBuildConfiguration;
			buildSettings = {
				ASSETCATALOG_COMPILER_APPICON_NAME = AppIcon;
				CLANG_ENABLE_MODULES = YES;
				CODE_SIGN_STYLE = Automatic;
				DEVELOPMENT_TEAM = 5346R7RC8E;
				FRAMEWORK_SEARCH_PATHS = (
					"$(inherited)",
					"$(PROJECT_DIR)",
				);
				INFOPLIST_FILE = SPTKitExample/Info.plist;
				IPHONEOS_DEPLOYMENT_TARGET = 13.0;
				LD_RUNPATH_SEARCH_PATHS = (
					"$(inherited)",
					"@executable_path/Frameworks",
				);
				PRODUCT_BUNDLE_IDENTIFIER = com.adw.sptkit;
				PRODUCT_NAME = "$(TARGET_NAME)";
				SWIFT_OBJC_BRIDGING_HEADER = "SPTKitExample/SPTKitExample-Bridging-Header.h";
				SWIFT_VERSION = 5.0;
				TARGETED_DEVICE_FAMILY = "1,2";
			};
			name = Release;
		};
/* End XCBuildConfiguration section */

/* Begin XCConfigurationList section */
		2B15D4FB251624DD008EE882 /* Build configuration list for PBXProject "SPTKitExample" */ = {
			isa = XCConfigurationList;
			buildConfigurations = (
				2B15D512251624DF008EE882 /* Debug */,
				2B15D513251624DF008EE882 /* Release */,
			);
			defaultConfigurationIsVisible = 0;
			defaultConfigurationName = Release;
		};
		2B15D514251624DF008EE882 /* Build configuration list for PBXNativeTarget "SPTKitExample" */ = {
			isa = XCConfigurationList;
			buildConfigurations = (
				2B15D515251624DF008EE882 /* Debug */,
				2B15D516251624DF008EE882 /* Release */,
			);
			defaultConfigurationIsVisible = 0;
			defaultConfigurationName = Release;
		};
/* End XCConfigurationList section */
	};
	rootObject = 2B15D4F8251624DD008EE882 /* Project object */;
}
