{
  "object": {
    "pins": [
      {
        "package": "SPTKitModels",
        "repositoryURL": "https://github.com/wiencheck/SPTKitModels.git",
        "state": {
          "branch": null,
          "revision": "d6eac069a2a52512ca3212b4f40f6db6329ece6b",
          "version": "1.0.0"
        }
      }
    ]
  },
  "version": 1
}
