{
  "object": {
    "pins": [
      {
        "package": "Alamofire",
        "repositoryURL": "https://github.com/Alamofire/Alamofire.git",
        "state": {
          "branch": null,
          "revision": "becd9a729a37bdbef5bc39dc3c702b99f9e3d046",
          "version": "5.2.2"
        }
      },
      {
        "package": "SPTKit",
        "repositoryURL": "https://github.com/wiencheck/SPTKit.git",
        "state": {
          "branch": null,
          "revision": "064a0827e85a1704fdaeb518f23f6949a49809df",
          "version": "0.1.2"
        }
      },
      {
        "package": "SPTKitModels",
        "repositoryURL": "https://github.com/wiencheck/SPTKitModels.git",
        "state": {
          "branch": null,
          "revision": "1acc82c15c034836b7547593c590b5ca724863c4",
          "version": "0.0.6"
        }
      }
    ]
  },
  "version": 1
}
